
Microsoft Visual Studio Solution File, Format Version 12.00
# Visual Studio 15
VisualStudioVersion = 15.0.27703.2047
MinimumVisualStudioVersion = 10.0.40219.1
Project("{FAE04EC0-301F-11D3-BF4B-00C04F79EFBC}") = "AstWeb.Web", "AstWeb.Web\AstWeb.Web.csproj", "{9F50EF10-4B18-4BE4-A4F6-0475DBC76796}"
EndProject
Project("{FAE04EC0-301F-11D3-BF4B-00C04F79EFBC}") = "AstWeb.Common", "AstWeb.Common\AstWeb.Common.csproj", "{AE921BAE-9F6C-419C-B8B4-DBCB798FB7E1}"
EndProject
Global
	GlobalSection(SolutionConfigurationPlatforms) = preSolution
		Debug|Any CPU = Debug|Any CPU
		Release|Any CPU = Release|Any CPU
	EndGlobalSection
	GlobalSection(ProjectConfigurationPlatforms) = postSolution
		{9F50EF10-4B18-4BE4-A4F6-0475DBC76796}.Debug|Any CPU.ActiveCfg = Debug|Any CPU
		{9F50EF10-4B18-4BE4-A4F6-0475DBC76796}.Debug|Any CPU.Build.0 = Debug|Any CPU
		{9F50EF10-4B18-4BE4-A4F6-0475DBC76796}.Release|Any CPU.ActiveCfg = Release|Any CPU
		{9F50EF10-4B18-4BE4-A4F6-0475DBC76796}.Release|Any CPU.Build.0 = Release|Any CPU
		{AE921BAE-9F6C-419C-B8B4-DBCB798FB7E1}.Debug|Any CPU.ActiveCfg = Debug|Any CPU
		{AE921BAE-9F6C-419C-B8B4-DBCB798FB7E1}.Debug|Any CPU.Build.0 = Debug|Any CPU
		{AE921BAE-9F6C-419C-B8B4-DBCB798FB7E1}.Release|Any CPU.ActiveCfg = Release|Any CPU
		{AE921BAE-9F6C-419C-B8B4-DBCB798FB7E1}.Release|Any CPU.Build.0 = Release|Any CPU
	EndGlobalSection
	GlobalSection(SolutionProperties) = preSolution
		HideSolutionNode = FALSE
	EndGlobalSection
	GlobalSection(ExtensibilityGlobals) = postSolution
		SolutionGuid = {130F9F44-6659-472E-9059-6679BA0EE9C7}
	EndGlobalSection
EndGlobal
